// !$*UTF8*$!
{
	archiveVersion = 1;
	classes = {
	};
	objectVersion = 51;
	objects = {

/* Begin PBXBuildFile section */
		8347F25D24A6AE8F006B7D8A /* AddItemViewController.swift in Sources */ = {isa = PBXBuildFile; fileRef = 8347F25C24A6AE8F006B7D8A /* AddItemViewController.swift */; };
		835209EF24A4A45700648779 /* AppDelegate.swift in Sources */ = {isa = PBXBuildFile; fileRef = 835209EE24A4A45700648779 /* AppDelegate.swift */; };
		835209F124A4A45700648779 /* SceneDelegate.swift in Sources */ = {isa = PBXBuildFile; fileRef = 835209F024A4A45700648779 /* SceneDelegate.swift */; };
		835209F624A4A45700648779 /* Main.storyboard in Resources */ = {isa = PBXBuildFile; fileRef = 835209F424A4A45700648779 /* Main.storyboard */; };
		835209F824A4A45B00648779 /* Assets.xcassets in Resources */ = {isa = PBXBuildFile; fileRef = 835209F724A4A45B00648779 /* Assets.xcassets */; };
		835209FB24A4A45B00648779 /* LaunchScreen.storyboard in Resources */ = {isa = PBXBuildFile; fileRef = 835209F924A4A45B00648779 /* LaunchScreen.storyboard */; };
		83520A0324A4AB7800648779 /* GoogleService-Info.plist in Resources */ = {isa = PBXBuildFile; fileRef = 83520A0224A4AB7800648779 /* GoogleService-Info.plist */; };
		83520A0524A4B79B00648779 /* LoginViewController.swift in Sources */ = {isa = PBXBuildFile; fileRef = 83520A0424A4B79B00648779 /* LoginViewController.swift */; };
		83520A0824A4C11000648779 /* User.swift in Sources */ = {isa = PBXBuildFile; fileRef = 83520A0724A4C11000648779 /* User.swift */; };
		83520A0B24A4C43100648779 /* Constants.swift in Sources */ = {isa = PBXBuildFile; fileRef = 83520A0A24A4C43100648779 /* Constants.swift */; };
		83520A0E24A4CB7A00648779 /* FirebaseReference.swift in Sources */ = {isa = PBXBuildFile; fileRef = 83520A0D24A4CB7A00648779 /* FirebaseReference.swift */; };
		83520A1024A4D11500648779 /* CreateAccountViewController.swift in Sources */ = {isa = PBXBuildFile; fileRef = 83520A0F24A4D11500648779 /* CreateAccountViewController.swift */; };
		83520A1224A4F52A00648779 /* ResetPasswordViewController.swift in Sources */ = {isa = PBXBuildFile; fileRef = 83520A1124A4F52A00648779 /* ResetPasswordViewController.swift */; };
		83520A1424A4FAD600648779 /* HomeViewCollectionController.swift in Sources */ = {isa = PBXBuildFile; fileRef = 83520A1324A4FAD600648779 /* HomeViewCollectionController.swift */; };
		83520A1624A4FFF900648779 /* StartViewController.swift in Sources */ = {isa = PBXBuildFile; fileRef = 83520A1524A4FFF900648779 /* StartViewController.swift */; };
		83520A1A24A5183800648779 /* Category.swift in Sources */ = {isa = PBXBuildFile; fileRef = 83520A1924A5183800648779 /* Category.swift */; };
		83520A1C24A520D800648779 /* HomeCollectionViewCell.swift in Sources */ = {isa = PBXBuildFile; fileRef = 83520A1B24A520D800648779 /* HomeCollectionViewCell.swift */; };
		83520A1F24A625AA00648779 /* ItemTableViewController.swift in Sources */ = {isa = PBXBuildFile; fileRef = 83520A1E24A625AA00648779 /* ItemTableViewController.swift */; };
		83520A2124A6262400648779 /* ItemTableViewCell.swift in Sources */ = {isa = PBXBuildFile; fileRef = 83520A2024A6262400648779 /* ItemTableViewCell.swift */; };
		83520A2324A6266200648779 /* ItemCollectionViewCell.swift in Sources */ = {isa = PBXBuildFile; fileRef = 83520A2224A6266200648779 /* ItemCollectionViewCell.swift */; };
		83520A2524A63F0100648779 /* Item.swift in Sources */ = {isa = PBXBuildFile; fileRef = 83520A2424A63F0100648779 /* Item.swift */; };
		83520A2724A6631F00648779 /* Storage.swift in Sources */ = {isa = PBXBuildFile; fileRef = 83520A2624A6631F00648779 /* Storage.swift */; };
		83520A2924A6633800648779 /* Reachabilty.swift in Sources */ = {isa = PBXBuildFile; fileRef = 83520A2824A6633800648779 /* Reachabilty.swift */; };
		8C91C1B199A9E71B3591DF5F /* Pods_AppStore.framework in Frameworks */ = {isa = PBXBuildFile; fileRef = AEF91E9F808514F9D45485E5 /* Pods_AppStore.framework */; };
/* End PBXBuildFile section */

/* Begin PBXFileReference section */
		2A2417A3414DC41E821DB21D /* Pods-AppStore.debug.xcconfig */ = {isa = PBXFileReference; includeInIndex = 1; lastKnownFileType = text.xcconfig; name = "Pods-AppStore.debug.xcconfig"; path = "Target Support Files/Pods-AppStore/Pods-AppStore.debug.xcconfig"; sourceTree = "<group>"; };
		6760AAD86780A4140A351593 /* Pods-AppStore.release.xcconfig */ = {isa = PBXFileReference; includeInIndex = 1; lastKnownFileType = text.xcconfig; name = "Pods-AppStore.release.xcconfig"; path = "Target Support Files/Pods-AppStore/Pods-AppStore.release.xcconfig"; sourceTree = "<group>"; };
		8347F25C24A6AE8F006B7D8A /* AddItemViewController.swift */ = {isa = PBXFileReference; lastKnownFileType = sourcecode.swift; path = AddItemViewController.swift; sourceTree = "<group>"; };
		835209EB24A4A45700648779 /* AppStore.app */ = {isa = PBXFileReference; explicitFileType = wrapper.application; includeInIndex = 0; path = AppStore.app; sourceTree = BUILT_PRODUCTS_DIR; };
		835209EE24A4A45700648779 /* AppDelegate.swift */ = {isa = PBXFileReference; lastKnownFileType = sourcecode.swift; path = AppDelegate.swift; sourceTree = "<group>"; };
		835209F024A4A45700648779 /* SceneDelegate.swift */ = {isa = PBXFileReference; lastKnownFileType = sourcecode.swift; path = SceneDelegate.swift; sourceTree = "<group>"; };
		835209F524A4A45700648779 /* Base */ = {isa = PBXFileReference; lastKnownFileType = file.storyboard; name = Base; path = Base.lproj/Main.storyboard; sourceTree = "<group>"; };
		835209F724A4A45B00648779 /* Assets.xcassets */ = {isa = PBXFileReference; lastKnownFileType = folder.assetcatalog; path = Assets.xcassets; sourceTree = "<group>"; };
		835209FA24A4A45B00648779 /* Base */ = {isa = PBXFileReference; lastKnownFileType = file.storyboard; name = Base; path = Base.lproj/LaunchScreen.storyboard; sourceTree = "<group>"; };
		835209FC24A4A45B00648779 /* Info.plist */ = {isa = PBXFileReference; lastKnownFileType = text.plist.xml; path = Info.plist; sourceTree = "<group>"; };
		83520A0224A4AB7800648779 /* GoogleService-Info.plist */ = {isa = PBXFileReference; fileEncoding = 4; lastKnownFileType = text.plist.xml; path = "GoogleService-Info.plist"; sourceTree = "<group>"; };
		83520A0424A4B79B00648779 /* LoginViewController.swift */ = {isa = PBXFileReference; lastKnownFileType = sourcecode.swift; path = LoginViewController.swift; sourceTree = "<group>"; };
		83520A0724A4C11000648779 /* User.swift */ = {isa = PBXFileReference; lastKnownFileType = sourcecode.swift; path = User.swift; sourceTree = "<group>"; };
		83520A0A24A4C43100648779 /* Constants.swift */ = {isa = PBXFileReference; lastKnownFileType = sourcecode.swift; path = Constants.swift; sourceTree = "<group>"; };
		83520A0D24A4CB7A00648779 /* FirebaseReference.swift */ = {isa = PBXFileReference; lastKnownFileType = sourcecode.swift; path = FirebaseReference.swift; sourceTree = "<group>"; };
		83520A0F24A4D11500648779 /* CreateAccountViewController.swift */ = {isa = PBXFileReference; lastKnownFileType = sourcecode.swift; path = CreateAccountViewController.swift; sourceTree = "<group>"; };
		83520A1124A4F52A00648779 /* ResetPasswordViewController.swift */ = {isa = PBXFileReference; lastKnownFileType = sourcecode.swift; path = ResetPasswordViewController.swift; sourceTree = "<group>"; };
		83520A1324A4FAD600648779 /* HomeViewCollectionController.swift */ = {isa = PBXFileReference; lastKnownFileType = sourcecode.swift; path = HomeViewCollectionController.swift; sourceTree = "<group>"; };
		83520A1524A4FFF900648779 /* StartViewController.swift */ = {isa = PBXFileReference; lastKnownFileType = sourcecode.swift; path = StartViewController.swift; sourceTree = "<group>"; };
		83520A1924A5183800648779 /* Category.swift */ = {isa = PBXFileReference; lastKnownFileType = sourcecode.swift; path = Category.swift; sourceTree = "<group>"; };
		83520A1B24A520D800648779 /* HomeCollectionViewCell.swift */ = {isa = PBXFileReference; lastKnownFileType = sourcecode.swift; path = HomeCollectionViewCell.swift; sourceTree = "<group>"; };
		83520A1E24A625AA00648779 /* ItemTableViewController.swift */ = {isa = PBXFileReference; lastKnownFileType = sourcecode.swift; path = ItemTableViewController.swift; sourceTree = "<group>"; };
		83520A2024A6262400648779 /* ItemTableViewCell.swift */ = {isa = PBXFileReference; lastKnownFileType = sourcecode.swift; path = ItemTableViewCell.swift; sourceTree = "<group>"; };
		83520A2224A6266200648779 /* ItemCollectionViewCell.swift */ = {isa = PBXFileReference; lastKnownFileType = sourcecode.swift; path = ItemCollectionViewCell.swift; sourceTree = "<group>"; };
		83520A2424A63F0100648779 /* Item.swift */ = {isa = PBXFileReference; lastKnownFileType = sourcecode.swift; path = Item.swift; sourceTree = "<group>"; };
		83520A2624A6631F00648779 /* Storage.swift */ = {isa = PBXFileReference; lastKnownFileType = sourcecode.swift; path = Storage.swift; sourceTree = "<group>"; };
		83520A2824A6633800648779 /* Reachabilty.swift */ = {isa = PBXFileReference; lastKnownFileType = sourcecode.swift; path = Reachabilty.swift; sourceTree = "<group>"; };
		AEF91E9F808514F9D45485E5 /* Pods_AppStore.framework */ = {isa = PBXFileReference; explicitFileType = wrapper.framework; includeInIndex = 0; path = Pods_AppStore.framework; sourceTree = BUILT_PRODUCTS_DIR; };
/* End PBXFileReference section */

/* Begin PBXFrameworksBuildPhase section */
		835209E824A4A45700648779 /* Frameworks */ = {
			isa = PBXFrameworksBuildPhase;
			buildActionMask = 2147483647;
			files = (
				8C91C1B199A9E71B3591DF5F /* Pods_AppStore.framework in Frameworks */,
			);
			runOnlyForDeploymentPostprocessing = 0;
		};
/* End PBXFrameworksBuildPhase section */

/* Begin PBXGroup section */
		27605DD04180029F07D08C69 /* Frameworks */ = {
			isa = PBXGroup;
			children = (
				AEF91E9F808514F9D45485E5 /* Pods_AppStore.framework */,
			);
			name = Frameworks;
			sourceTree = "<group>";
		};
		2DC2D505245938FAD0F63810 /* Pods */ = {
			isa = PBXGroup;
			children = (
				2A2417A3414DC41E821DB21D /* Pods-AppStore.debug.xcconfig */,
				6760AAD86780A4140A351593 /* Pods-AppStore.release.xcconfig */,
			);
			path = Pods;
			sourceTree = "<group>";
		};
		835209E224A4A45700648779 = {
			isa = PBXGroup;
			children = (
				835209ED24A4A45700648779 /* AppStore */,
				835209EC24A4A45700648779 /* Products */,
				2DC2D505245938FAD0F63810 /* Pods */,
				27605DD04180029F07D08C69 /* Frameworks */,
			);
			sourceTree = "<group>";
		};
		835209EC24A4A45700648779 /* Products */ = {
			isa = PBXGroup;
			children = (
				835209EB24A4A45700648779 /* AppStore.app */,
			);
			name = Products;
			sourceTree = "<group>";
		};
		835209ED24A4A45700648779 /* AppStore */ = {
			isa = PBXGroup;
			children = (
				835209EE24A4A45700648779 /* AppDelegate.swift */,
				835209F024A4A45700648779 /* SceneDelegate.swift */,
				83520A0924A4C41B00648779 /* Model */,
				83520A1D24A5210900648779 /* View */,
				83520A0624A4BA0A00648779 /* Controller */,
				835209F424A4A45700648779 /* Main.storyboard */,
				835209F724A4A45B00648779 /* Assets.xcassets */,
				835209F924A4A45B00648779 /* LaunchScreen.storyboard */,
				83520A0C24A4CB6200648779 /* Helpers */,
				835209FC24A4A45B00648779 /* Info.plist */,
				83520A0224A4AB7800648779 /* GoogleService-Info.plist */,
			);
			path = AppStore;
			sourceTree = "<group>";
		};
		83520A0624A4BA0A00648779 /* Controller */ = {
			isa = PBXGroup;
			children = (
				83520A0424A4B79B00648779 /* LoginViewController.swift */,
				83520A0F24A4D11500648779 /* CreateAccountViewController.swift */,
				83520A1124A4F52A00648779 /* ResetPasswordViewController.swift */,
				83520A1324A4FAD600648779 /* HomeViewCollectionController.swift */,
				8347F25C24A6AE8F006B7D8A /* AddItemViewController.swift */,
				83520A1524A4FFF900648779 /* StartViewController.swift */,
				83520A1E24A625AA00648779 /* ItemTableViewController.swift */,
			);
			path = Controller;
			sourceTree = "<group>";
		};
		83520A0924A4C41B00648779 /* Model */ = {
			isa = PBXGroup;
			children = (
				83520A0724A4C11000648779 /* User.swift */,
				83520A2424A63F0100648779 /* Item.swift */,
				83520A1924A5183800648779 /* Category.swift */,
			);
			path = Model;
			sourceTree = "<group>";
		};
		83520A0C24A4CB6200648779 /* Helpers */ = {
			isa = PBXGroup;
			children = (
				83520A0A24A4C43100648779 /* Constants.swift */,
				83520A2624A6631F00648779 /* Storage.swift */,
				83520A0D24A4CB7A00648779 /* FirebaseReference.swift */,
				83520A2824A6633800648779 /* Reachabilty.swift */,
			);
			path = Helpers;
			sourceTree = "<group>";
		};
		83520A1D24A5210900648779 /* View */ = {
			isa = PBXGroup;
			children = (
				83520A1B24A520D800648779 /* HomeCollectionViewCell.swift */,
				83520A2024A6262400648779 /* ItemTableViewCell.swift */,
				83520A2224A6266200648779 /* ItemCollectionViewCell.swift */,
			);
			path = View;
			sourceTree = "<group>";
		};
/* End PBXGroup section */

/* Begin PBXNativeTarget section */
		835209EA24A4A45700648779 /* AppStore */ = {
			isa = PBXNativeTarget;
			buildConfigurationList = 835209FF24A4A45B00648779 /* Build configuration list for PBXNativeTarget "AppStore" */;
			buildPhases = (
				D98F3740C288A4BA24955AC0 /* [CP] Check Pods Manifest.lock */,
				835209E724A4A45700648779 /* Sources */,
				835209E824A4A45700648779 /* Frameworks */,
				835209E924A4A45700648779 /* Resources */,
				80E50C4BED81C7F0404AE851 /* [CP] Embed Pods Frameworks */,
				97267380F6B5F14C860FB1B5 /* [CP] Copy Pods Resources */,
			);
			buildRules = (
			);
			dependencies = (
			);
			name = AppStore;
			productName = AppStore;
			productReference = 835209EB24A4A45700648779 /* AppStore.app */;
			productType = "com.apple.product-type.application";
		};
/* End PBXNativeTarget section */

/* Begin PBXProject section */
		835209E324A4A45700648779 /* Project object */ = {
			isa = PBXProject;
			attributes = {
				LastSwiftUpdateCheck = 1150;
				LastUpgradeCheck = 1150;
				ORGANIZATIONNAME = yuji_nakamoto;
				TargetAttributes = {
					835209EA24A4A45700648779 = {
						CreatedOnToolsVersion = 11.5;
					};
				};
			};
			buildConfigurationList = 835209E624A4A45700648779 /* Build configuration list for PBXProject "AppStore" */;
			compatibilityVersion = "Xcode 9.3";
			developmentRegion = en;
			hasScannedForEncodings = 0;
			knownRegions = (
				en,
				Base,
			);
			mainGroup = 835209E224A4A45700648779;
			productRefGroup = 835209EC24A4A45700648779 /* Products */;
			projectDirPath = "";
			projectRoot = "";
			targets = (
				835209EA24A4A45700648779 /* AppStore */,
			);
		};
/* End PBXProject section */

/* Begin PBXResourcesBuildPhase section */
		835209E924A4A45700648779 /* Resources */ = {
			isa = PBXResourcesBuildPhase;
			buildActionMask = 2147483647;
			files = (
				835209FB24A4A45B00648779 /* LaunchScreen.storyboard in Resources */,
				835209F824A4A45B00648779 /* Assets.xcassets in Resources */,
				83520A0324A4AB7800648779 /* GoogleService-Info.plist in Resources */,
				835209F624A4A45700648779 /* Main.storyboard in Resources */,
			);
			runOnlyForDeploymentPostprocessing = 0;
		};
/* End PBXResourcesBuildPhase section */

/* Begin PBXShellScriptBuildPhase section */
		80E50C4BED81C7F0404AE851 /* [CP] Embed Pods Frameworks */ = {
			isa = PBXShellScriptBuildPhase;
			buildActionMask = 2147483647;
			files = (
			);
			inputFileListPaths = (
				"${PODS_ROOT}/Target Support Files/Pods-AppStore/Pods-AppStore-frameworks-${CONFIGURATION}-input-files.xcfilelist",
			);
			name = "[CP] Embed Pods Frameworks";
			outputFileListPaths = (
				"${PODS_ROOT}/Target Support Files/Pods-AppStore/Pods-AppStore-frameworks-${CONFIGURATION}-output-files.xcfilelist",
			);
			runOnlyForDeploymentPostprocessing = 0;
			shellPath = /bin/sh;
			shellScript = "\"${PODS_ROOT}/Target Support Files/Pods-AppStore/Pods-AppStore-frameworks.sh\"\n";
			showEnvVarsInLog = 0;
		};
		97267380F6B5F14C860FB1B5 /* [CP] Copy Pods Resources */ = {
			isa = PBXShellScriptBuildPhase;
			buildActionMask = 2147483647;
			files = (
			);
			inputFileListPaths = (
				"${PODS_ROOT}/Target Support Files/Pods-AppStore/Pods-AppStore-resources-${CONFIGURATION}-input-files.xcfilelist",
			);
			name = "[CP] Copy Pods Resources";
			outputFileListPaths = (
				"${PODS_ROOT}/Target Support Files/Pods-AppStore/Pods-AppStore-resources-${CONFIGURATION}-output-files.xcfilelist",
			);
			runOnlyForDeploymentPostprocessing = 0;
			shellPath = /bin/sh;
			shellScript = "\"${PODS_ROOT}/Target Support Files/Pods-AppStore/Pods-AppStore-resources.sh\"\n";
			showEnvVarsInLog = 0;
		};
		D98F3740C288A4BA24955AC0 /* [CP] Check Pods Manifest.lock */ = {
			isa = PBXShellScriptBuildPhase;
			buildActionMask = 2147483647;
			files = (
			);
			inputFileListPaths = (
			);
			inputPaths = (
				"${PODS_PODFILE_DIR_PATH}/Podfile.lock",
				"${PODS_ROOT}/Manifest.lock",
			);
			name = "[CP] Check Pods Manifest.lock";
			outputFileListPaths = (
			);
			outputPaths = (
				"$(DERIVED_FILE_DIR)/Pods-AppStore-checkManifestLockResult.txt",
			);
			runOnlyForDeploymentPostprocessing = 0;
			shellPath = /bin/sh;
			shellScript = "diff \"${PODS_PODFILE_DIR_PATH}/Podfile.lock\" \"${PODS_ROOT}/Manifest.lock\" > /dev/null\nif [ $? != 0 ] ; then\n    # print error to STDERR\n    echo \"error: The sandbox is not in sync with the Podfile.lock. Run 'pod install' or update your CocoaPods installation.\" >&2\n    exit 1\nfi\n# This output is used by Xcode 'outputs' to avoid re-running this script phase.\necho \"SUCCESS\" > \"${SCRIPT_OUTPUT_FILE_0}\"\n";
			showEnvVarsInLog = 0;
		};
/* End PBXShellScriptBuildPhase section */

/* Begin PBXSourcesBuildPhase section */
		835209E724A4A45700648779 /* Sources */ = {
			isa = PBXSourcesBuildPhase;
			buildActionMask = 2147483647;
			files = (
				83520A2924A6633800648779 /* Reachabilty.swift in Sources */,
				83520A2324A6266200648779 /* ItemCollectionViewCell.swift in Sources */,
				83520A1024A4D11500648779 /* CreateAccountViewController.swift in Sources */,
				83520A0B24A4C43100648779 /* Constants.swift in Sources */,
				83520A0824A4C11000648779 /* User.swift in Sources */,
				83520A2524A63F0100648779 /* Item.swift in Sources */,
				83520A1224A4F52A00648779 /* ResetPasswordViewController.swift in Sources */,
				83520A0524A4B79B00648779 /* LoginViewController.swift in Sources */,
				83520A1624A4FFF900648779 /* StartViewController.swift in Sources */,
				83520A1424A4FAD600648779 /* HomeViewCollectionController.swift in Sources */,
				83520A1F24A625AA00648779 /* ItemTableViewController.swift in Sources */,
				8347F25D24A6AE8F006B7D8A /* AddItemViewController.swift in Sources */,
				835209EF24A4A45700648779 /* AppDelegate.swift in Sources */,
				83520A0E24A4CB7A00648779 /* FirebaseReference.swift in Sources */,
				835209F124A4A45700648779 /* SceneDelegate.swift in Sources */,
				83520A1A24A5183800648779 /* Category.swift in Sources */,
				83520A2124A6262400648779 /* ItemTableViewCell.swift in Sources */,
				83520A2724A6631F00648779 /* Storage.swift in Sources */,
				83520A1C24A520D800648779 /* HomeCollectionViewCell.swift in Sources */,
			);
			runOnlyForDeploymentPostprocessing = 0;
		};
/* End PBXSourcesBuildPhase section */

/* Begin PBXVariantGroup section */
		835209F424A4A45700648779 /* Main.storyboard */ = {
			isa = PBXVariantGroup;
			children = (
				835209F524A4A45700648779 /* Base */,
			);
			name = Main.storyboard;
			sourceTree = "<group>";
		};
		835209F924A4A45B00648779 /* LaunchScreen.storyboard */ = {
			isa = PBXVariantGroup;
			children = (
				835209FA24A4A45B00648779 /* Base */,
			);
			name = LaunchScreen.storyboard;
			sourceTree = "<group>";
		};
/* End PBXVariantGroup section */

/* Begin XCBuildConfiguration section */
		835209FD24A4A45B00648779 /* Debug */ = {
			isa = XCBuildConfiguration;
			buildSettings = {
				ALWAYS_SEARCH_USER_PATHS = NO;
				CLANG_ANALYZER_NONNULL = YES;
				CLANG_ANALYZER_NUMBER_OBJECT_CONVERSION = YES_AGGRESSIVE;
				CLANG_CXX_LANGUAGE_STANDARD = "gnu++14";
				CLANG_CXX_LIBRARY = "libc++";
				CLANG_ENABLE_MODULES = YES;
				CLANG_ENABLE_OBJC_ARC = YES;
				CLANG_ENABLE_OBJC_WEAK = YES;
				CLANG_WARN_BLOCK_CAPTURE_AUTORELEASING = YES;
				CLANG_WARN_BOOL_CONVERSION = YES;
				CLANG_WARN_COMMA = YES;
				CLANG_WARN_CONSTANT_CONVERSION = YES;
				CLANG_WARN_DEPRECATED_OBJC_IMPLEMENTATIONS = YES;
				CLANG_WARN_DIRECT_OBJC_ISA_USAGE = YES_ERROR;
				CLANG_WARN_DOCUMENTATION_COMMENTS = YES;
				CLANG_WARN_EMPTY_BODY = YES;
				CLANG_WARN_ENUM_CONVERSION = YES;
				CLANG_WARN_INFINITE_RECURSION = YES;
				CLANG_WARN_INT_CONVERSION = YES;
				CLANG_WARN_NON_LITERAL_NULL_CONVERSION = YES;
				CLANG_WARN_OBJC_IMPLICIT_RETAIN_SELF = YES;
				CLANG_WARN_OBJC_LITERAL_CONVERSION = YES;
				CLANG_WARN_OBJC_ROOT_CLASS = YES_ERROR;
				CLANG_WARN_RANGE_LOOP_ANALYSIS = YES;
				CLANG_WARN_STRICT_PROTOTYPES = YES;
				CLANG_WARN_SUSPICIOUS_MOVE = YES;
				CLANG_WARN_UNGUARDED_AVAILABILITY = YES_AGGRESSIVE;
				CLANG_WARN_UNREACHABLE_CODE = YES;
				CLANG_WARN__DUPLICATE_METHOD_MATCH = YES;
				COPY_PHASE_STRIP = NO;
				DEBUG_INFORMATION_FORMAT = dwarf;
				ENABLE_STRICT_OBJC_MSGSEND = YES;
				ENABLE_TESTABILITY = YES;
				GCC_C_LANGUAGE_STANDARD = gnu11;
				GCC_DYNAMIC_NO_PIC = NO;
				GCC_NO_COMMON_BLOCKS = YES;
				GCC_OPTIMIZATION_LEVEL = 0;
				GCC_PREPROCESSOR_DEFINITIONS = (
					"DEBUG=1",
					"$(inherited)",
				);
				GCC_WARN_64_TO_32_BIT_CONVERSION = YES;
				GCC_WARN_ABOUT_RETURN_TYPE = YES_ERROR;
				GCC_WARN_UNDECLARED_SELECTOR = YES;
				GCC_WARN_UNINITIALIZED_AUTOS = YES_AGGRESSIVE;
				GCC_WARN_UNUSED_FUNCTION = YES;
				GCC_WARN_UNUSED_VARIABLE = YES;
				IPHONEOS_DEPLOYMENT_TARGET = 13.5;
				MTL_ENABLE_DEBUG_INFO = INCLUDE_SOURCE;
				MTL_FAST_MATH = YES;
				ONLY_ACTIVE_ARCH = YES;
				SDKROOT = iphoneos;
				SWIFT_ACTIVE_COMPILATION_CONDITIONS = DEBUG;
				SWIFT_OPTIMIZATION_LEVEL = "-Onone";
			};
			name = Debug;
		};
		835209FE24A4A45B00648779 /* Release */ = {
			isa = XCBuildConfiguration;
			buildSettings = {
				ALWAYS_SEARCH_USER_PATHS = NO;
				CLANG_ANALYZER_NONNULL = YES;
				CLANG_ANALYZER_NUMBER_OBJECT_CONVERSION = YES_AGGRESSIVE;
				CLANG_CXX_LANGUAGE_STANDARD = "gnu++14";
				CLANG_CXX_LIBRARY = "libc++";
				CLANG_ENABLE_MODULES = YES;
				CLANG_ENABLE_OBJC_ARC = YES;
				CLANG_ENABLE_OBJC_WEAK = YES;
				CLANG_WARN_BLOCK_CAPTURE_AUTORELEASING = YES;
				CLANG_WARN_BOOL_CONVERSION = YES;
				CLANG_WARN_COMMA = YES;
				CLANG_WARN_CONSTANT_CONVERSION = YES;
				CLANG_WARN_DEPRECATED_OBJC_IMPLEMENTATIONS = YES;
				CLANG_WARN_DIRECT_OBJC_ISA_USAGE = YES_ERROR;
				CLANG_WARN_DOCUMENTATION_COMMENTS = YES;
				CLANG_WARN_EMPTY_BODY = YES;
				CLANG_WARN_ENUM_CONVERSION = YES;
				CLANG_WARN_INFINITE_RECURSION = YES;
				CLANG_WARN_INT_CONVERSION = YES;
				CLANG_WARN_NON_LITERAL_NULL_CONVERSION = YES;
				CLANG_WARN_OBJC_IMPLICIT_RETAIN_SELF = YES;
				CLANG_WARN_OBJC_LITERAL_CONVERSION = YES;
				CLANG_WARN_OBJC_ROOT_CLASS = YES_ERROR;
				CLANG_WARN_RANGE_LOOP_ANALYSIS = YES;
				CLANG_WARN_STRICT_PROTOTYPES = YES;
				CLANG_WARN_SUSPICIOUS_MOVE = YES;
				CLANG_WARN_UNGUARDED_AVAILABILITY = YES_AGGRESSIVE;
				CLANG_WARN_UNREACHABLE_CODE = YES;
				CLANG_WARN__DUPLICATE_METHOD_MATCH = YES;
				COPY_PHASE_STRIP = NO;
				DEBUG_INFORMATION_FORMAT = "dwarf-with-dsym";
				ENABLE_NS_ASSERTIONS = NO;
				ENABLE_STRICT_OBJC_MSGSEND = YES;
				GCC_C_LANGUAGE_STANDARD = gnu11;
				GCC_NO_COMMON_BLOCKS = YES;
				GCC_WARN_64_TO_32_BIT_CONVERSION = YES;
				GCC_WARN_ABOUT_RETURN_TYPE = YES_ERROR;
				GCC_WARN_UNDECLARED_SELECTOR = YES;
				GCC_WARN_UNINITIALIZED_AUTOS = YES_AGGRESSIVE;
				GCC_WARN_UNUSED_FUNCTION = YES;
				GCC_WARN_UNUSED_VARIABLE = YES;
				IPHONEOS_DEPLOYMENT_TARGET = 13.5;
				MTL_ENABLE_DEBUG_INFO = NO;
				MTL_FAST_MATH = YES;
				SDKROOT = iphoneos;
				SWIFT_COMPILATION_MODE = wholemodule;
				SWIFT_OPTIMIZATION_LEVEL = "-O";
				VALIDATE_PRODUCT = YES;
			};
			name = Release;
		};
		83520A0024A4A45B00648779 /* Debug */ = {
			isa = XCBuildConfiguration;
			baseConfigurationReference = 2A2417A3414DC41E821DB21D /* Pods-AppStore.debug.xcconfig */;
			buildSettings = {
				ASSETCATALOG_COMPILER_APPICON_NAME = AppIcon;
				CODE_SIGN_STYLE = Automatic;
				DEVELOPMENT_TEAM = 2FZHPQ299M;
				INFOPLIST_FILE = AppStore/Info.plist;
				LD_RUNPATH_SEARCH_PATHS = (
					"$(inherited)",
					"@executable_path/Frameworks",
				);
				PRODUCT_BUNDLE_IDENTIFIER = yncompany.AppStore;
				PRODUCT_NAME = "$(TARGET_NAME)";
				SWIFT_VERSION = 5.0;
				TARGETED_DEVICE_FAMILY = "1,2";
			};
			name = Debug;
		};
		83520A0124A4A45B00648779 /* Release */ = {
			isa = XCBuildConfiguration;
			baseConfigurationReference = 6760AAD86780A4140A351593 /* Pods-AppStore.release.xcconfig */;
			buildSettings = {
				ASSETCATALOG_COMPILER_APPICON_NAME = AppIcon;
				CODE_SIGN_STYLE = Automatic;
				DEVELOPMENT_TEAM = 2FZHPQ299M;
				INFOPLIST_FILE = AppStore/Info.plist;
				LD_RUNPATH_SEARCH_PATHS = (
					"$(inherited)",
					"@executable_path/Frameworks",
				);
				PRODUCT_BUNDLE_IDENTIFIER = yncompany.AppStore;
				PRODUCT_NAME = "$(TARGET_NAME)";
				SWIFT_VERSION = 5.0;
				TARGETED_DEVICE_FAMILY = "1,2";
			};
			name = Release;
		};
/* End XCBuildConfiguration section */

/* Begin XCConfigurationList section */
		835209E624A4A45700648779 /* Build configuration list for PBXProject "AppStore" */ = {
			isa = XCConfigurationList;
			buildConfigurations = (
				835209FD24A4A45B00648779 /* Debug */,
				835209FE24A4A45B00648779 /* Release */,
			);
			defaultConfigurationIsVisible = 0;
			defaultConfigurationName = Release;
		};
		835209FF24A4A45B00648779 /* Build configuration list for PBXNativeTarget "AppStore" */ = {
			isa = XCConfigurationList;
			buildConfigurations = (
				83520A0024A4A45B00648779 /* Debug */,
				83520A0124A4A45B00648779 /* Release */,
			);
			defaultConfigurationIsVisible = 0;
			defaultConfigurationName = Release;
		};
/* End XCConfigurationList section */
	};
	rootObject = 835209E324A4A45700648779 /* Project object */;
}
